
Microsoft Visual Studio Solution File, Format Version 11.00
# Visual C# Express 2010
Project("{FAE04EC0-301F-11D3-BF4B-00C04F79EFBC}") = "VM_CKTPLC", "VM_CKTPLC\VM_CKTPLC.csproj", "{08351AF4-0381-4402-ABAA-8374EE030EE8}"
EndProject
Project("{FAE04EC0-301F-11D3-BF4B-00C04F79EFBC}") = "CKTPLC_Compile", "Compile_CKTPLC\CKTPLC_Compile.csproj", "{A1BA8795-2F39-47AC-8C57-35BC08958BEB}"
EndProject
Project("{FAE04EC0-301F-11D3-BF4B-00C04F79EFBC}") = "CKTPLC_Basic", "CKTPLC_Basic\CKTPLC_Basic.csproj", "{66F08242-1F39-47F8-95E3-BCCB73536010}"
EndProject
Project("{FAE04EC0-301F-11D3-BF4B-00C04F79EFBC}") = "CKTCommon", "CKTCommon\CKTCommon.csproj", "{50489311-F6B9-4DA5-A99F-A26D50B9ADB3}"
EndProject
Project("{FAE04EC0-301F-11D3-BF4B-00C04F79EFBC}") = "CKTPLC_Editor", "CKTPLC_Editor\CKTPLC_Editor.csproj", "{BE6D112F-B083-4475-BE84-2738A0D0A0A1}"
EndProject
Global
	GlobalSection(SolutionConfigurationPlatforms) = preSolution
		Debug|Any CPU = Debug|Any CPU
		Debug|Mixed Platforms = Debug|Mixed Platforms
		Debug|x86 = Debug|x86
		Release|Any CPU = Release|Any CPU
		Release|Mixed Platforms = Release|Mixed Platforms
		Release|x86 = Release|x86
	EndGlobalSection
	GlobalSection(ProjectConfigurationPlatforms) = postSolution
		{08351AF4-0381-4402-ABAA-8374EE030EE8}.Debug|Any CPU.ActiveCfg = Debug|x86
		{08351AF4-0381-4402-ABAA-8374EE030EE8}.Debug|Mixed Platforms.ActiveCfg = Debug|x86
		{08351AF4-0381-4402-ABAA-8374EE030EE8}.Debug|Mixed Platforms.Build.0 = Debug|x86
		{08351AF4-0381-4402-ABAA-8374EE030EE8}.Debug|x86.ActiveCfg = Debug|x86
		{08351AF4-0381-4402-ABAA-8374EE030EE8}.Debug|x86.Build.0 = Debug|x86
		{08351AF4-0381-4402-ABAA-8374EE030EE8}.Release|Any CPU.ActiveCfg = Release|x86
		{08351AF4-0381-4402-ABAA-8374EE030EE8}.Release|Mixed Platforms.ActiveCfg = Release|x86
		{08351AF4-0381-4402-ABAA-8374EE030EE8}.Release|Mixed Platforms.Build.0 = Release|x86
		{08351AF4-0381-4402-ABAA-8374EE030EE8}.Release|x86.ActiveCfg = Release|x86
		{08351AF4-0381-4402-ABAA-8374EE030EE8}.Release|x86.Build.0 = Release|x86
		{A1BA8795-2F39-47AC-8C57-35BC08958BEB}.Debug|Any CPU.ActiveCfg = Debug|x86
		{A1BA8795-2F39-47AC-8C57-35BC08958BEB}.Debug|Mixed Platforms.ActiveCfg = Debug|x86
		{A1BA8795-2F39-47AC-8C57-35BC08958BEB}.Debug|Mixed Platforms.Build.0 = Debug|x86
		{A1BA8795-2F39-47AC-8C57-35BC08958BEB}.Debug|x86.ActiveCfg = Debug|x86
		{A1BA8795-2F39-47AC-8C57-35BC08958BEB}.Debug|x86.Build.0 = Debug|x86
		{A1BA8795-2F39-47AC-8C57-35BC08958BEB}.Release|Any CPU.ActiveCfg = Release|x86
		{A1BA8795-2F39-47AC-8C57-35BC08958BEB}.Release|Mixed Platforms.ActiveCfg = Release|x86
		{A1BA8795-2F39-47AC-8C57-35BC08958BEB}.Release|Mixed Platforms.Build.0 = Release|x86
		{A1BA8795-2F39-47AC-8C57-35BC08958BEB}.Release|x86.ActiveCfg = Release|x86
		{A1BA8795-2F39-47AC-8C57-35BC08958BEB}.Release|x86.Build.0 = Release|x86
		{66F08242-1F39-47F8-95E3-BCCB73536010}.Debug|Any CPU.ActiveCfg = Debug|Any CPU
		{66F08242-1F39-47F8-95E3-BCCB73536010}.Debug|Any CPU.Build.0 = Debug|Any CPU
		{66F08242-1F39-47F8-95E3-BCCB73536010}.Debug|Mixed Platforms.ActiveCfg = Debug|Any CPU
		{66F08242-1F39-47F8-95E3-BCCB73536010}.Debug|Mixed Platforms.Build.0 = Debug|Any CPU
		{66F08242-1F39-47F8-95E3-BCCB73536010}.Debug|x86.ActiveCfg = Debug|Any CPU
		{66F08242-1F39-47F8-95E3-BCCB73536010}.Release|Any CPU.ActiveCfg = Release|Any CPU
		{66F08242-1F39-47F8-95E3-BCCB73536010}.Release|Any CPU.Build.0 = Release|Any CPU
		{66F08242-1F39-47F8-95E3-BCCB73536010}.Release|Mixed Platforms.ActiveCfg = Release|Any CPU
		{66F08242-1F39-47F8-95E3-BCCB73536010}.Release|Mixed Platforms.Build.0 = Release|Any CPU
		{66F08242-1F39-47F8-95E3-BCCB73536010}.Release|x86.ActiveCfg = Release|Any CPU
		{50489311-F6B9-4DA5-A99F-A26D50B9ADB3}.Debug|Any CPU.ActiveCfg = Debug|Any CPU
		{50489311-F6B9-4DA5-A99F-A26D50B9ADB3}.Debug|Any CPU.Build.0 = Debug|Any CPU
		{50489311-F6B9-4DA5-A99F-A26D50B9ADB3}.Debug|Mixed Platforms.ActiveCfg = Debug|Any CPU
		{50489311-F6B9-4DA5-A99F-A26D50B9ADB3}.Debug|Mixed Platforms.Build.0 = Debug|Any CPU
		{50489311-F6B9-4DA5-A99F-A26D50B9ADB3}.Debug|x86.ActiveCfg = Debug|Any CPU
		{50489311-F6B9-4DA5-A99F-A26D50B9ADB3}.Release|Any CPU.ActiveCfg = Release|Any CPU
		{50489311-F6B9-4DA5-A99F-A26D50B9ADB3}.Release|Any CPU.Build.0 = Release|Any CPU
		{50489311-F6B9-4DA5-A99F-A26D50B9ADB3}.Release|Mixed Platforms.ActiveCfg = Release|Any CPU
		{50489311-F6B9-4DA5-A99F-A26D50B9ADB3}.Release|Mixed Platforms.Build.0 = Release|Any CPU
		{50489311-F6B9-4DA5-A99F-A26D50B9ADB3}.Release|x86.ActiveCfg = Release|Any CPU
		{BE6D112F-B083-4475-BE84-2738A0D0A0A1}.Debug|Any CPU.ActiveCfg = Debug|x86
		{BE6D112F-B083-4475-BE84-2738A0D0A0A1}.Debug|Mixed Platforms.ActiveCfg = Debug|x86
		{BE6D112F-B083-4475-BE84-2738A0D0A0A1}.Debug|Mixed Platforms.Build.0 = Debug|x86
		{BE6D112F-B083-4475-BE84-2738A0D0A0A1}.Debug|x86.ActiveCfg = Debug|x86
		{BE6D112F-B083-4475-BE84-2738A0D0A0A1}.Debug|x86.Build.0 = Debug|x86
		{BE6D112F-B083-4475-BE84-2738A0D0A0A1}.Release|Any CPU.ActiveCfg = Release|x86
		{BE6D112F-B083-4475-BE84-2738A0D0A0A1}.Release|Mixed Platforms.ActiveCfg = Release|x86
		{BE6D112F-B083-4475-BE84-2738A0D0A0A1}.Release|Mixed Platforms.Build.0 = Release|x86
		{BE6D112F-B083-4475-BE84-2738A0D0A0A1}.Release|x86.ActiveCfg = Release|x86
		{BE6D112F-B083-4475-BE84-2738A0D0A0A1}.Release|x86.Build.0 = Release|x86
	EndGlobalSection
	GlobalSection(SolutionProperties) = preSolution
		HideSolutionNode = FALSE
	EndGlobalSection
EndGlobal
